
Microsoft Visual Studio Solution File, Format Version 12.00
# Visual Studio Version 17
VisualStudioVersion = 17.2.32519.379
MinimumVisualStudioVersion = 10.0.40219.1
Project("{FAE04EC0-301F-11D3-BF4B-00C04F79EFBC}") = "WakeOnLAN", "WakeOnLAN\WakeOnLAN.csproj", "{9800982B-AC14-4CDB-A449-964985D79BDA}"
EndProject
Global
	GlobalSection(SolutionConfigurationPlatforms) = preSolution
		Debug|Any CPU = Debug|Any CPU
		Release|Any CPU = Release|Any CPU
	EndGlobalSection
	GlobalSection(ProjectConfigurationPlatforms) = postSolution
		{9800982B-AC14-4CDB-A449-964985D79BDA}.Debug|Any CPU.ActiveCfg = Debug|Any CPU
		{9800982B-AC14-4CDB-A449-964985D79BDA}.Debug|Any CPU.Build.0 = Debug|Any CPU
		{9800982B-AC14-4CDB-A449-964985D79BDA}.Release|Any CPU.ActiveCfg = Release|Any CPU
		{9800982B-AC14-4CDB-A449-964985D79BDA}.Release|Any CPU.Build.0 = Release|Any CPU
	EndGlobalSection
	GlobalSection(SolutionProperties) = preSolution
		HideSolutionNode = FALSE
	EndGlobalSection
	GlobalSection(ExtensibilityGlobals) = postSolution
		SolutionGuid = {031E0B2B-2207-4074-BCA2-ADA74ECB90EC}
	EndGlobalSection
EndGlobal
